
Microsoft Visual Studio Solution File, Format Version 12.00
# Visual Studio Version 16
VisualStudioVersion = 16.0.29806.167
MinimumVisualStudioVersion = 10.0.40219.1
Project("{9A19103F-16F7-4668-BE54-9A1E7A4F7556}") = "domasna 1", "domasna 1\domasna 1.csproj", "{550B6CC8-8906-48DC-B91A-E4F90FDCFA39}"
EndProject
Project("{9A19103F-16F7-4668-BE54-9A1E7A4F7556}") = "DataTypesAndVariables", "..\..\c#2\Class 2\Data Types and Variables\DataTypesAndVariables.csproj", "{05D3703D-2B76-49A0-A12B-020707D9EB84}"
EndProject
Project("{FAE04EC0-301F-11D3-BF4B-00C04F79EFBC}") = "domasna 2", "domasna 2\domasna 2.csproj", "{D8D5DAB5-9066-4417-96F0-944A0C9178B4}"
EndProject
Global
	GlobalSection(SolutionConfigurationPlatforms) = preSolution
		Debug|Any CPU = Debug|Any CPU
		Release|Any CPU = Release|Any CPU
	EndGlobalSection
	GlobalSection(ProjectConfigurationPlatforms) = postSolution
		{550B6CC8-8906-48DC-B91A-E4F90FDCFA39}.Debug|Any CPU.ActiveCfg = Debug|Any CPU
		{550B6CC8-8906-48DC-B91A-E4F90FDCFA39}.Debug|Any CPU.Build.0 = Debug|Any CPU
		{550B6CC8-8906-48DC-B91A-E4F90FDCFA39}.Release|Any CPU.ActiveCfg = Release|Any CPU
		{550B6CC8-8906-48DC-B91A-E4F90FDCFA39}.Release|Any CPU.Build.0 = Release|Any CPU
		{05D3703D-2B76-49A0-A12B-020707D9EB84}.Debug|Any CPU.ActiveCfg = Debug|Any CPU
		{05D3703D-2B76-49A0-A12B-020707D9EB84}.Debug|Any CPU.Build.0 = Debug|Any CPU
		{05D3703D-2B76-49A0-A12B-020707D9EB84}.Release|Any CPU.ActiveCfg = Release|Any CPU
		{05D3703D-2B76-49A0-A12B-020707D9EB84}.Release|Any CPU.Build.0 = Release|Any CPU
		{D8D5DAB5-9066-4417-96F0-944A0C9178B4}.Debug|Any CPU.ActiveCfg = Debug|Any CPU
		{D8D5DAB5-9066-4417-96F0-944A0C9178B4}.Debug|Any CPU.Build.0 = Debug|Any CPU
		{D8D5DAB5-9066-4417-96F0-944A0C9178B4}.Release|Any CPU.ActiveCfg = Release|Any CPU
		{D8D5DAB5-9066-4417-96F0-944A0C9178B4}.Release|Any CPU.Build.0 = Release|Any CPU
	EndGlobalSection
	GlobalSection(SolutionProperties) = preSolution
		HideSolutionNode = FALSE
	EndGlobalSection
	GlobalSection(ExtensibilityGlobals) = postSolution
		SolutionGuid = {4F9C423A-A830-429A-AF01-48E8E3A19AD3}
	EndGlobalSection
EndGlobal
